
Microsoft Visual Studio Solution File, Format Version 12.00
# Visual Studio 15
VisualStudioVersion = 15.0.28307.271
MinimumVisualStudioVersion = 10.0.40219.1
Project("{FAE04EC0-301F-11D3-BF4B-00C04F79EFBC}") = "VideoBrowser.App", "VideoBrowser.App\VideoBrowser.App.csproj", "{98A0667F-7362-4D88-84A9-A2F640507B0D}"
EndProject
Project("{FAE04EC0-301F-11D3-BF4B-00C04F79EFBC}") = "VideoBrowser.Common", "VideoBrowser.Common\VideoBrowser.Common.csproj", "{FD516FA2-A800-46A2-A421-A81804431CE8}"
EndProject
Project("{FAE04EC0-301F-11D3-BF4B-00C04F79EFBC}") = "VideoBrowser.Client", "VideoBrowser.Client\VideoBrowser.Client.csproj", "{E363EAE5-E34B-440E-B338-185EDB4E96CD}"
EndProject
Project("{FAE04EC0-301F-11D3-BF4B-00C04F79EFBC}") = "VideoBrowser.Itf", "VideoBrowser.Itf\VideoBrowser.Itf.csproj", "{A42E8DEC-545C-41FF-B73F-E96BD8C6FA5F}"
EndProject
Global
	GlobalSection(SolutionConfigurationPlatforms) = preSolution
		Debug|Any CPU = Debug|Any CPU
		Release|Any CPU = Release|Any CPU
	EndGlobalSection
	GlobalSection(ProjectConfigurationPlatforms) = postSolution
		{98A0667F-7362-4D88-84A9-A2F640507B0D}.Debug|Any CPU.ActiveCfg = Debug|Any CPU
		{98A0667F-7362-4D88-84A9-A2F640507B0D}.Debug|Any CPU.Build.0 = Debug|Any CPU
		{98A0667F-7362-4D88-84A9-A2F640507B0D}.Release|Any CPU.ActiveCfg = Release|Any CPU
		{98A0667F-7362-4D88-84A9-A2F640507B0D}.Release|Any CPU.Build.0 = Release|Any CPU
		{FD516FA2-A800-46A2-A421-A81804431CE8}.Debug|Any CPU.ActiveCfg = Debug|Any CPU
		{FD516FA2-A800-46A2-A421-A81804431CE8}.Debug|Any CPU.Build.0 = Debug|Any CPU
		{FD516FA2-A800-46A2-A421-A81804431CE8}.Release|Any CPU.ActiveCfg = Release|Any CPU
		{FD516FA2-A800-46A2-A421-A81804431CE8}.Release|Any CPU.Build.0 = Release|Any CPU
		{E363EAE5-E34B-440E-B338-185EDB4E96CD}.Debug|Any CPU.ActiveCfg = Debug|Any CPU
		{E363EAE5-E34B-440E-B338-185EDB4E96CD}.Debug|Any CPU.Build.0 = Debug|Any CPU
		{E363EAE5-E34B-440E-B338-185EDB4E96CD}.Release|Any CPU.ActiveCfg = Release|Any CPU
		{E363EAE5-E34B-440E-B338-185EDB4E96CD}.Release|Any CPU.Build.0 = Release|Any CPU
		{A42E8DEC-545C-41FF-B73F-E96BD8C6FA5F}.Debug|Any CPU.ActiveCfg = Debug|Any CPU
		{A42E8DEC-545C-41FF-B73F-E96BD8C6FA5F}.Debug|Any CPU.Build.0 = Debug|Any CPU
		{A42E8DEC-545C-41FF-B73F-E96BD8C6FA5F}.Release|Any CPU.ActiveCfg = Release|Any CPU
		{A42E8DEC-545C-41FF-B73F-E96BD8C6FA5F}.Release|Any CPU.Build.0 = Release|Any CPU
	EndGlobalSection
	GlobalSection(SolutionProperties) = preSolution
		HideSolutionNode = FALSE
	EndGlobalSection
	GlobalSection(ExtensibilityGlobals) = postSolution
		SolutionGuid = {B518C8B6-5B55-4625-9EC8-A8763C0857B6}
	EndGlobalSection
EndGlobal
